
Microsoft Visual Studio Solution File, Format Version 12.00
# Visual Studio Version 16
VisualStudioVersion = 16.0.29418.71
MinimumVisualStudioVersion = 10.0.40219.1
Project("{FAE04EC0-301F-11D3-BF4B-00C04F79EFBC}") = "CapstoneFourTaskLisk", "CapstoneFourTaskLisk\CapstoneFourTaskLisk.csproj", "{5DA66D82-BE06-4BE7-9A1E-9746DDE03E7F}"
EndProject
Global
	GlobalSection(SolutionConfigurationPlatforms) = preSolution
		Debug|Any CPU = Debug|Any CPU
		Release|Any CPU = Release|Any CPU
	EndGlobalSection
	GlobalSection(ProjectConfigurationPlatforms) = postSolution
		{5DA66D82-BE06-4BE7-9A1E-9746DDE03E7F}.Debug|Any CPU.ActiveCfg = Debug|Any CPU
		{5DA66D82-BE06-4BE7-9A1E-9746DDE03E7F}.Debug|Any CPU.Build.0 = Debug|Any CPU
		{5DA66D82-BE06-4BE7-9A1E-9746DDE03E7F}.Release|Any CPU.ActiveCfg = Release|Any CPU
		{5DA66D82-BE06-4BE7-9A1E-9746DDE03E7F}.Release|Any CPU.Build.0 = Release|Any CPU
	EndGlobalSection
	GlobalSection(SolutionProperties) = preSolution
		HideSolutionNode = FALSE
	EndGlobalSection
	GlobalSection(ExtensibilityGlobals) = postSolution
		SolutionGuid = {41BA54A1-8690-435C-896F-B0BCF92E92A0}
	EndGlobalSection
EndGlobal
